
Microsoft Visual Studio Solution File, Format Version 12.00
# Visual Studio 15
VisualStudioVersion = 15.0.28307.421
MinimumVisualStudioVersion = 10.0.40219.1
Project("{9A19103F-16F7-4668-BE54-9A1E7A4F7556}") = "GFStore", "GFStore.csproj", "{31DD4916-E9A7-4184-A301-47CA3FA47626}"
EndProject
Global
	GlobalSection(SolutionConfigurationPlatforms) = preSolution
		Debug|Any CPU = Debug|Any CPU
		Release|Any CPU = Release|Any CPU
	EndGlobalSection
	GlobalSection(ProjectConfigurationPlatforms) = postSolution
		{31DD4916-E9A7-4184-A301-47CA3FA47626}.Debug|Any CPU.ActiveCfg = Debug|Any CPU
		{31DD4916-E9A7-4184-A301-47CA3FA47626}.Debug|Any CPU.Build.0 = Debug|Any CPU
		{31DD4916-E9A7-4184-A301-47CA3FA47626}.Release|Any CPU.ActiveCfg = Release|Any CPU
		{31DD4916-E9A7-4184-A301-47CA3FA47626}.Release|Any CPU.Build.0 = Release|Any CPU
	EndGlobalSection
	GlobalSection(SolutionProperties) = preSolution
		HideSolutionNode = FALSE
	EndGlobalSection
	GlobalSection(ExtensibilityGlobals) = postSolution
		SolutionGuid = {B9234040-E886-42BB-B1A3-0C56DF60D95F}
	EndGlobalSection
EndGlobal
